<?xml version="1.0" encoding="utf-8"?>
<Project ToolsVersion="4.0" xmlns="http://schemas.microsoft.com/developer/msbuild/2003">
  <ItemGroup>
    <Filter Include="Resource Files">
      <UniqueIdentifier>{67DA6AB6-F800-4c08-8B7A-83BB121AAD01}</UniqueIdentifier>
      <Extensions>rc;ico;cur;bmp;dlg;rc2;rct;bin;rgs;gif;jpg;jpeg;jpe;resx;tiff;tif;png;wav;mfcribbon-ms</Extensions>
    </Filter>
    <Filter Include="Source">
      <UniqueIdentifier>{c244b109-ea74-448c-8452-c4c5ca67ab1b}</UniqueIdentifier>
    </Filter>
    <Filter Include="Source\BebopCore">
      <UniqueIdentifier>{aff384cf-631e-44ce-bd20-2a7b6737ecd9}</UniqueIdentifier>
    </Filter>
    <Filter Include="Source\BebopCore\Graphics">
      <UniqueIdentifier>{2955e01f-f76b-4c13-abfc-d0d043d789f4}</UniqueIdentifier>
    </Filter>
    <Filter Include="Source\BebopCore\Objects">
      <UniqueIdentifier>{ac458a92-f05e-4226-806a-1fa7a8e8ac6f}</UniqueIdentifier>
    </Filter>
    <Filter Include="Source\BebopCore\Math">
      <UniqueIdentifier>{7c89a7e9-d36e-47b6-9651-58fce9b9319b}</UniqueIdentifier>
    </Filter>
    <Filter Include="Source\BebopCore\Math\Motion">
      <UniqueIdentifier>{4f9a6ee4-b4bf-4fbd-b5ff-0488db6173b8}</UniqueIdentifier>
    </Filter>
    <Filter Include="Source\BebopCore\Physics">
      <UniqueIdentifier>{6994e323-039f-4ea6-a6db-a38f00d07112}</UniqueIdentifier>
    </Filter>
    <Filter Include="Source\BebopCore\Math\CollisionDetection">
      <UniqueIdentifier>{cb144d87-afbc-4f7e-a3af-214316189e3b}</UniqueIdentifier>
    </Filter>
  </ItemGroup>
  <ItemGroup>
    <ClCompile Include="Source\BebopCore\Graphics\Window.cpp">
      <Filter>Source\BebopCore\Graphics</Filter>
    </ClCompile>
    <ClCompile Include="Source\BebopCore\Graphics\Sprite.cpp">
      <Filter>Source\BebopCore\Graphics</Filter>
    </ClCompile>
    <ClCompile Include="Source\BebopCore\Graphics\AnimatedSprite.cpp">
      <Filter>Source\BebopCore\Graphics</Filter>
    </ClCompile>
    <ClCompile Include="Source\BebopCore\Graphics\Scene.cpp">
      <Filter>Source\BebopCore\Graphics</Filter>
    </ClCompile>
    <ClCompile Include="Source\BebopCore\Objects\Object.cpp">
      <Filter>Source\BebopCore\Objects</Filter>
    </ClCompile>
    <ClCompile Include="Source\BebopCore\Objects\RectangleObject.cpp">
      <Filter>Source\BebopCore\Objects</Filter>
    </ClCompile>
    <ClCompile Include="Source\BebopCore\Objects\CircleObject.cpp">
      <Filter>Source\BebopCore\Objects</Filter>
    </ClCompile>
    <ClCompile Include="Source\BebopCore\Graphics\Particle.cpp">
      <Filter>Source\BebopCore\Graphics</Filter>
    </ClCompile>
    <ClCompile Include="Source\BebopCore\Math\RotationMatrix2D.cpp">
      <Filter>Source\BebopCore\Math</Filter>
    </ClCompile>
    <ClCompile Include="Source\BebopCore\Math\Motion\CircularMotion.cpp">
      <Filter>Source\BebopCore\Math\Motion</Filter>
    </ClCompile>
    <ClCompile Include="Source\BebopCore\Math\Motion\SinWaveMotion.cpp">
      <Filter>Source\BebopCore\Math\Motion</Filter>
    </ClCompile>
    <ClCompile Include="Source\BebopCore\Graphics\Color.cpp">
      <Filter>Source\BebopCore\Graphics</Filter>
    </ClCompile>
    <ClCompile Include="Source\BebopCore\Graphics\Light.cpp">
      <Filter>Source\BebopCore\Graphics</Filter>
    </ClCompile>
    <ClCompile Include="Source\BebopCore\Math\CollisionDetection\CollisionChecker.cpp">
      <Filter>Source\BebopCore\Math\CollisionDetection</Filter>
    </ClCompile>
    <ClCompile Include="Source\Bebop.cpp">
      <Filter>Source</Filter>
    </ClCompile>
    <ClCompile Include="Source\BebopCore\Graphics\SceneLayer.cpp">
      <Filter>Source\BebopCore\Graphics</Filter>
    </ClCompile>
  </ItemGroup>
  <ItemGroup>
    <None Include="packages.config" />
  </ItemGroup>
  <ItemGroup>
    <ClInclude Include="Source\BebopCore\Graphics\Window.h">
      <Filter>Source\BebopCore\Graphics</Filter>
    </ClInclude>
    <ClInclude Include="Source\BebopCore\Graphics\Sprite.h">
      <Filter>Source\BebopCore\Graphics</Filter>
    </ClInclude>
    <ClInclude Include="Source\BebopCore\Graphics\AnimatedSprite.h">
      <Filter>Source\BebopCore\Graphics</Filter>
    </ClInclude>
    <ClInclude Include="Source\BebopCore\Graphics\Scene.h">
      <Filter>Source\BebopCore\Graphics</Filter>
    </ClInclude>
    <ClInclude Include="Source\BebopCore\Objects\Object.h">
      <Filter>Source\BebopCore\Objects</Filter>
    </ClInclude>
    <ClInclude Include="Source\BebopCore\Objects\RectangleObject.h">
      <Filter>Source\BebopCore\Objects</Filter>
    </ClInclude>
    <ClInclude Include="Source\BebopCore\Objects\CircleObject.h">
      <Filter>Source\BebopCore\Objects</Filter>
    </ClInclude>
    <ClInclude Include="Source\BebopCore\Graphics\Particle.h">
      <Filter>Source\BebopCore\Graphics</Filter>
    </ClInclude>
    <ClInclude Include="Source\BebopCore\Math\RotationMatrix2D.h">
      <Filter>Source\BebopCore\Math</Filter>
    </ClInclude>
    <ClInclude Include="Source\BebopCore\Math\Motion\CircularMotion.h">
      <Filter>Source\BebopCore\Math\Motion</Filter>
    </ClInclude>
    <ClInclude Include="Source\BebopCore\Math\Motion\MotionBase.h">
      <Filter>Source\BebopCore\Math\Motion</Filter>
    </ClInclude>
    <ClInclude Include="Source\BebopCore\Math\Motion\SinWaveMotion.h">
      <Filter>Source\BebopCore\Math\Motion</Filter>
    </ClInclude>
    <ClInclude Include="Source\BebopCore\Graphics\Color.h">
      <Filter>Source\BebopCore\Graphics</Filter>
    </ClInclude>
    <ClInclude Include="Source\BebopCore\Graphics\GraphicsConstants.h">
      <Filter>Source\BebopCore\Graphics</Filter>
    </ClInclude>
    <ClInclude Include="Source\BebopCore\Math\Vector2D.h">
      <Filter>Source\BebopCore\Math</Filter>
    </ClInclude>
    <ClInclude Include="Source\BebopCore\Graphics\Light.h">
      <Filter>Source\BebopCore\Graphics</Filter>
    </ClInclude>
    <ClInclude Include="Source\BebopCore\Math\CollisionDetection\CollisionChecker.h">
      <Filter>Source\BebopCore\Math\CollisionDetection</Filter>
    </ClInclude>
    <ClInclude Include="Source\Bebop.h">
      <Filter>Source</Filter>
    </ClInclude>
    <ClInclude Include="Source\BebopCore\Graphics\SceneLayer.h">
      <Filter>Source\BebopCore\Graphics</Filter>
    </ClInclude>
    <ClInclude Include="Source\BebopCore\Math\MathConstants.h">
      <Filter>Source\BebopCore\Math\Motion</Filter>
    </ClInclude>
  </ItemGroup>
</Project>